
Microsoft Visual Studio Solution File, Format Version 12.00
# Visual Studio Version 17
VisualStudioVersion = 17.11.35222.181
MinimumVisualStudioVersion = 10.0.40219.1
Project("{9A19103F-16F7-4668-BE54-9A1E7A4F7556}") = "GlobalInputHookManager", "GlobalInputHookManager\GlobalInputHookManager.csproj", "{3CFB2155-C630-42C8-A36F-F6A263B86CA8}"
EndProject
Project("{FAE04EC0-301F-11D3-BF4B-00C04F79EFBC}") = "GlobalInputHookManager.WinForms", "GlobalInputHookManager.WinForms\GlobalInputHookManager.WinForms.csproj", "{5484B898-543B-4A66-9A7F-34C3D04E08FE}"
EndProject
Global
	GlobalSection(SolutionConfigurationPlatforms) = preSolution
		Debug|Any CPU = Debug|Any CPU
		Release|Any CPU = Release|Any CPU
	EndGlobalSection
	GlobalSection(ProjectConfigurationPlatforms) = postSolution
		{3CFB2155-C630-42C8-A36F-F6A263B86CA8}.Debug|Any CPU.ActiveCfg = Debug|Any CPU
		{3CFB2155-C630-42C8-A36F-F6A263B86CA8}.Debug|Any CPU.Build.0 = Debug|Any CPU
		{3CFB2155-C630-42C8-A36F-F6A263B86CA8}.Release|Any CPU.ActiveCfg = Release|Any CPU
		{3CFB2155-C630-42C8-A36F-F6A263B86CA8}.Release|Any CPU.Build.0 = Release|Any CPU
		{5484B898-543B-4A66-9A7F-34C3D04E08FE}.Debug|Any CPU.ActiveCfg = Debug|Any CPU
		{5484B898-543B-4A66-9A7F-34C3D04E08FE}.Debug|Any CPU.Build.0 = Debug|Any CPU
		{5484B898-543B-4A66-9A7F-34C3D04E08FE}.Release|Any CPU.ActiveCfg = Release|Any CPU
		{5484B898-543B-4A66-9A7F-34C3D04E08FE}.Release|Any CPU.Build.0 = Release|Any CPU
	EndGlobalSection
	GlobalSection(SolutionProperties) = preSolution
		HideSolutionNode = FALSE
	EndGlobalSection
	GlobalSection(ExtensibilityGlobals) = postSolution
		SolutionGuid = {01DC74AB-6A5B-44D5-959E-BCAAF8FD9016}
	EndGlobalSection
EndGlobal
