
Microsoft Visual Studio Solution File, Format Version 12.00
# Visual Studio Version 17
VisualStudioVersion = 17.11.35222.181
MinimumVisualStudioVersion = 10.0.40219.1
Project("{9A19103F-16F7-4668-BE54-9A1E7A4F7556}") = "InputHookManager", "InputHookManager\InputHookManager.csproj", "{FFED60C3-F033-41F7-882C-65CE53EC7796}"
EndProject
Project("{9A19103F-16F7-4668-BE54-9A1E7A4F7556}") = "InputHookManager.Tests", "InputHookManager.Tests\InputHookManager.Tests.csproj", "{0B188A98-9B7D-4F1E-BD83-2512085BE83E}"
EndProject
Project("{9A19103F-16F7-4668-BE54-9A1E7A4F7556}") = "InputWatcherSample", "samples\InputWatcherSample\InputWatcherSample.csproj", "{3AA80CB2-A991-443E-9E82-C29E1CA42114}"
EndProject
Project("{9A19103F-16F7-4668-BE54-9A1E7A4F7556}") = "WindowShortcutsSample", "samples\WindowShortcutsSample\WindowShortcutsSample.csproj", "{6126AC8A-761E-4F98-BD32-A28D89FE0F21}"
EndProject
Global
	GlobalSection(SolutionConfigurationPlatforms) = preSolution
		Debug|Any CPU = Debug|Any CPU
		Release|Any CPU = Release|Any CPU
	EndGlobalSection
	GlobalSection(ProjectConfigurationPlatforms) = postSolution
		{FFED60C3-F033-41F7-882C-65CE53EC7796}.Debug|Any CPU.ActiveCfg = Debug|Any CPU
		{FFED60C3-F033-41F7-882C-65CE53EC7796}.Debug|Any CPU.Build.0 = Debug|Any CPU
		{FFED60C3-F033-41F7-882C-65CE53EC7796}.Release|Any CPU.ActiveCfg = Release|Any CPU
		{FFED60C3-F033-41F7-882C-65CE53EC7796}.Release|Any CPU.Build.0 = Release|Any CPU
		{0B188A98-9B7D-4F1E-BD83-2512085BE83E}.Debug|Any CPU.ActiveCfg = Debug|Any CPU
		{0B188A98-9B7D-4F1E-BD83-2512085BE83E}.Debug|Any CPU.Build.0 = Debug|Any CPU
		{0B188A98-9B7D-4F1E-BD83-2512085BE83E}.Release|Any CPU.ActiveCfg = Release|Any CPU
		{0B188A98-9B7D-4F1E-BD83-2512085BE83E}.Release|Any CPU.Build.0 = Release|Any CPU
		{3AA80CB2-A991-443E-9E82-C29E1CA42114}.Debug|Any CPU.ActiveCfg = Debug|Any CPU
		{3AA80CB2-A991-443E-9E82-C29E1CA42114}.Debug|Any CPU.Build.0 = Debug|Any CPU
		{3AA80CB2-A991-443E-9E82-C29E1CA42114}.Release|Any CPU.ActiveCfg = Release|Any CPU
		{3AA80CB2-A991-443E-9E82-C29E1CA42114}.Release|Any CPU.Build.0 = Release|Any CPU
		{6126AC8A-761E-4F98-BD32-A28D89FE0F21}.Debug|Any CPU.ActiveCfg = Debug|Any CPU
		{6126AC8A-761E-4F98-BD32-A28D89FE0F21}.Debug|Any CPU.Build.0 = Debug|Any CPU
		{6126AC8A-761E-4F98-BD32-A28D89FE0F21}.Release|Any CPU.ActiveCfg = Release|Any CPU
		{6126AC8A-761E-4F98-BD32-A28D89FE0F21}.Release|Any CPU.Build.0 = Release|Any CPU
	EndGlobalSection
	GlobalSection(SolutionProperties) = preSolution
		HideSolutionNode = FALSE
	EndGlobalSection
	GlobalSection(ExtensibilityGlobals) = postSolution
		SolutionGuid = {E3FA3121-3C30-417D-8C5B-7E9CC67FF31D}
	EndGlobalSection
EndGlobal
